// !$*UTF8*$!
{
	archiveVersion = 1;
	classes = {
	};
	objectVersion = 56;
	objects = {

/* Begin PBXBuildFile section */
		3E6165802C0D502400C1F048 /* ActionEngine.swift in Sources */ = {isa = PBXBuildFile; fileRef = 3E61657F2C0D502400C1F048 /* ActionEngine.swift */; };
		3EA6B5D22C0D0EEC0093F9C2 /* AppDelegate.swift in Sources */ = {isa = PBXBuildFile; fileRef = 3EA6B5D12C0D0EEC0093F9C2 /* AppDelegate.swift */; };
		3EA6B5D42C0D0F450093F9C2 /* LoopManager.swift in Sources */ = {isa = PBXBuildFile; fileRef = 3EA6B5D32C0D0F450093F9C2 /* LoopManager.swift */; };
		3EA6B5D72C0D0F890093F9C2 /* EventMonitor.swift in Sources */ = {isa = PBXBuildFile; fileRef = 3EA6B5D62C0D0F890093F9C2 /* EventMonitor.swift */; };
		3EA6B5DA2C0D10330093F9C2 /* KeybindMonitor.swift in Sources */ = {isa = PBXBuildFile; fileRef = 3EA6B5D92C0D10330093F9C2 /* KeybindMonitor.swift */; };
		3EA6B5DC2C0D10A30093F9C2 /* RadialMenuController.swift in Sources */ = {isa = PBXBuildFile; fileRef = 3EA6B5DB2C0D10A30093F9C2 /* RadialMenuController.swift */; };
		3EA6B5DE2C0D11BD0093F9C2 /* ActionDirection.swift in Sources */ = {isa = PBXBuildFile; fileRef = 3EA6B5DD2C0D11BD0093F9C2 /* ActionDirection.swift */; };
		3EA6B5E12C0D17030093F9C2 /* CGGeometry+Extensions.swift in Sources */ = {isa = PBXBuildFile; fileRef = 3EA6B5E02C0D17030093F9C2 /* CGGeometry+Extensions.swift */; };
		3EA6B5E42C0D1D0D0093F9C2 /* Notification+Extensions.swift in Sources */ = {isa = PBXBuildFile; fileRef = 3EA6B5E32C0D1D0D0093F9C2 /* Notification+Extensions.swift */; };
		3EA6B5E62C0D1DDA0093F9C2 /* CGKeyCode+Extensions.swift in Sources */ = {isa = PBXBuildFile; fileRef = 3EA6B5E52C0D1DDA0093F9C2 /* CGKeyCode+Extensions.swift */; };
		3EA6B5E82C0D1E420093F9C2 /* NSEvent+Extensions.swift in Sources */ = {isa = PBXBuildFile; fileRef = 3EA6B5E72C0D1E420093F9C2 /* NSEvent+Extensions.swift */; };
		3EA6B5EA2C0D1F310093F9C2 /* PermissionManager.swift in Sources */ = {isa = PBXBuildFile; fileRef = 3EA6B5E92C0D1F310093F9C2 /* PermissionManager.swift */; };
		3EA6B5EC2C0D1F680093F9C2 /* Bundle+Extensions.swift in Sources */ = {isa = PBXBuildFile; fileRef = 3EA6B5EB2C0D1F680093F9C2 /* Bundle+Extensions.swift */; };
		3EA6B5EE2C0D437B0093F9C2 /* View+Extensions.swift in Sources */ = {isa = PBXBuildFile; fileRef = 3EA6B5ED2C0D437B0093F9C2 /* View+Extensions.swift */; };
		3EF6A0232C09B71200BB4436 /* QuickStartApp.swift in Sources */ = {isa = PBXBuildFile; fileRef = 3E3833432C097D5500561087 /* QuickStartApp.swift */; };
		3EF6A0262C09B74400BB4436 /* Algorithms in Frameworks */ = {isa = PBXBuildFile; productRef = 3EF6A0252C09B74400BB4436 /* Algorithms */; };
		3EF6A0282C09B74400BB4436 /* Defaults in Frameworks */ = {isa = PBXBuildFile; productRef = 3EF6A0272C09B74400BB4436 /* Defaults */; };
		3EF6A02A2C09B74400BB4436 /* SettingsAccess in Frameworks */ = {isa = PBXBuildFile; productRef = 3EF6A0292C09B74400BB4436 /* SettingsAccess */; };
		3EF6A02B2C09B76200BB4436 /* SettingsView.swift in Sources */ = {isa = PBXBuildFile; fileRef = 3E3833522C09800700561087 /* SettingsView.swift */; };
		3EF6A02C2C09B76600BB4436 /* RadialMenuView.swift in Sources */ = {isa = PBXBuildFile; fileRef = 3E3833552C09A2C600561087 /* RadialMenuView.swift */; };
		3EF6A02D2C09B76900BB4436 /* DirectionSelectorCirCleSegment.swift in Sources */ = {isa = PBXBuildFile; fileRef = 3E3833582C09A35000561087 /* DirectionSelectorCirCleSegment.swift */; };
		3EF6A02E2C09B76B00BB4436 /* DirectionSelectorSquareSegment.swift in Sources */ = {isa = PBXBuildFile; fileRef = 3E38335A2C09A37F00561087 /* DirectionSelectorSquareSegment.swift */; };
		3EF6A02F2C09B77000BB4436 /* Angle+Extensions.swift in Sources */ = {isa = PBXBuildFile; fileRef = 3E38335F2C09A68400561087 /* Angle+Extensions.swift */; };
		3EF6A0302C09B77700BB4436 /* Assets.xcassets in Resources */ = {isa = PBXBuildFile; fileRef = 3E3833472C097D5700561087 /* Assets.xcassets */; };
/* End PBXBuildFile section */

/* Begin PBXFileReference section */
		3E3833432C097D5500561087 /* QuickStartApp.swift */ = {isa = PBXFileReference; lastKnownFileType = sourcecode.swift; path = QuickStartApp.swift; sourceTree = "<group>"; };
		3E3833472C097D5700561087 /* Assets.xcassets */ = {isa = PBXFileReference; lastKnownFileType = folder.assetcatalog; path = Assets.xcassets; sourceTree = "<group>"; };
		3E38334A2C097D5700561087 /* Preview Assets.xcassets */ = {isa = PBXFileReference; lastKnownFileType = folder.assetcatalog; path = "Preview Assets.xcassets"; sourceTree = "<group>"; };
		3E38334C2C097D5700561087 /* QuickStart.entitlements */ = {isa = PBXFileReference; lastKnownFileType = text.plist.entitlements; path = QuickStart.entitlements; sourceTree = "<group>"; };
		3E3833522C09800700561087 /* SettingsView.swift */ = {isa = PBXFileReference; lastKnownFileType = sourcecode.swift; path = SettingsView.swift; sourceTree = "<group>"; };
		3E3833552C09A2C600561087 /* RadialMenuView.swift */ = {isa = PBXFileReference; lastKnownFileType = sourcecode.swift; path = RadialMenuView.swift; sourceTree = "<group>"; };
		3E3833582C09A35000561087 /* DirectionSelectorCirCleSegment.swift */ = {isa = PBXFileReference; lastKnownFileType = sourcecode.swift; path = DirectionSelectorCirCleSegment.swift; sourceTree = "<group>"; };
		3E38335A2C09A37F00561087 /* DirectionSelectorSquareSegment.swift */ = {isa = PBXFileReference; lastKnownFileType = sourcecode.swift; path = DirectionSelectorSquareSegment.swift; sourceTree = "<group>"; };
		3E38335F2C09A68400561087 /* Angle+Extensions.swift */ = {isa = PBXFileReference; lastKnownFileType = sourcecode.swift; path = "Angle+Extensions.swift"; sourceTree = "<group>"; };
		3E38336D2C09AFC700561087 /* QuickStart.app */ = {isa = PBXFileReference; explicitFileType = wrapper.application; includeInIndex = 0; path = QuickStart.app; sourceTree = BUILT_PRODUCTS_DIR; };
		3E61657F2C0D502400C1F048 /* ActionEngine.swift */ = {isa = PBXFileReference; lastKnownFileType = sourcecode.swift; path = ActionEngine.swift; sourceTree = "<group>"; };
		3EA6B5D12C0D0EEC0093F9C2 /* AppDelegate.swift */ = {isa = PBXFileReference; lastKnownFileType = sourcecode.swift; path = AppDelegate.swift; sourceTree = "<group>"; };
		3EA6B5D32C0D0F450093F9C2 /* LoopManager.swift */ = {isa = PBXFileReference; lastKnownFileType = sourcecode.swift; path = LoopManager.swift; sourceTree = "<group>"; };
		3EA6B5D62C0D0F890093F9C2 /* EventMonitor.swift */ = {isa = PBXFileReference; lastKnownFileType = sourcecode.swift; path = EventMonitor.swift; sourceTree = "<group>"; };
		3EA6B5D92C0D10330093F9C2 /* KeybindMonitor.swift */ = {isa = PBXFileReference; lastKnownFileType = sourcecode.swift; path = KeybindMonitor.swift; sourceTree = "<group>"; };
		3EA6B5DB2C0D10A30093F9C2 /* RadialMenuController.swift */ = {isa = PBXFileReference; lastKnownFileType = sourcecode.swift; path = RadialMenuController.swift; sourceTree = "<group>"; };
		3EA6B5DD2C0D11BD0093F9C2 /* ActionDirection.swift */ = {isa = PBXFileReference; lastKnownFileType = sourcecode.swift; path = ActionDirection.swift; sourceTree = "<group>"; };
		3EA6B5E02C0D17030093F9C2 /* CGGeometry+Extensions.swift */ = {isa = PBXFileReference; lastKnownFileType = sourcecode.swift; path = "CGGeometry+Extensions.swift"; sourceTree = "<group>"; };
		3EA6B5E32C0D1D0D0093F9C2 /* Notification+Extensions.swift */ = {isa = PBXFileReference; lastKnownFileType = sourcecode.swift; path = "Notification+Extensions.swift"; sourceTree = "<group>"; };
		3EA6B5E52C0D1DDA0093F9C2 /* CGKeyCode+Extensions.swift */ = {isa = PBXFileReference; lastKnownFileType = sourcecode.swift; path = "CGKeyCode+Extensions.swift"; sourceTree = "<group>"; };
		3EA6B5E72C0D1E420093F9C2 /* NSEvent+Extensions.swift */ = {isa = PBXFileReference; lastKnownFileType = sourcecode.swift; path = "NSEvent+Extensions.swift"; sourceTree = "<group>"; };
		3EA6B5E92C0D1F310093F9C2 /* PermissionManager.swift */ = {isa = PBXFileReference; lastKnownFileType = sourcecode.swift; path = PermissionManager.swift; sourceTree = "<group>"; };
		3EA6B5EB2C0D1F680093F9C2 /* Bundle+Extensions.swift */ = {isa = PBXFileReference; lastKnownFileType = sourcecode.swift; path = "Bundle+Extensions.swift"; sourceTree = "<group>"; };
		3EA6B5ED2C0D437B0093F9C2 /* View+Extensions.swift */ = {isa = PBXFileReference; lastKnownFileType = sourcecode.swift; path = "View+Extensions.swift"; sourceTree = "<group>"; };
/* End PBXFileReference section */

/* Begin PBXFrameworksBuildPhase section */
		3E38336A2C09AFC700561087 /* Frameworks */ = {
			isa = PBXFrameworksBuildPhase;
			buildActionMask = 2147483647;
			files = (
				3EF6A02A2C09B74400BB4436 /* SettingsAccess in Frameworks */,
				3EF6A0282C09B74400BB4436 /* Defaults in Frameworks */,
				3EF6A0262C09B74400BB4436 /* Algorithms in Frameworks */,
			);
			runOnlyForDeploymentPostprocessing = 0;
		};
/* End PBXFrameworksBuildPhase section */

/* Begin PBXGroup section */
		3E3833372C097D5500561087 = {
			isa = PBXGroup;
			children = (
				3E3833422C097D5500561087 /* QuickStart */,
				3E3833412C097D5500561087 /* Products */,
				3EF6A0242C09B74400BB4436 /* Frameworks */,
			);
			sourceTree = "<group>";
		};
		3E3833412C097D5500561087 /* Products */ = {
			isa = PBXGroup;
			children = (
				3E38336D2C09AFC700561087 /* QuickStart.app */,
			);
			name = Products;
			sourceTree = "<group>";
		};
		3E3833422C097D5500561087 /* QuickStart */ = {
			isa = PBXGroup;
			children = (
				3EA6B5D12C0D0EEC0093F9C2 /* AppDelegate.swift */,
				3E3833432C097D5500561087 /* QuickStartApp.swift */,
				3EA6B5E22C0D170D0093F9C2 /* Extensions */,
				3EA6B5DF2C0D11C40093F9C2 /* Action Management */,
				3EA6B5D82C0D0F930093F9C2 /* Utilities */,
				3EA6B5D52C0D0F4C0093F9C2 /* Managers */,
				3E3833542C09807D00561087 /* Settings */,
				3E3833572C09A2CB00561087 /* RadialMenu */,
				3E3833472C097D5700561087 /* Assets.xcassets */,
				3E38334C2C097D5700561087 /* QuickStart.entitlements */,
				3E3833492C097D5700561087 /* Preview Content */,
			);
			path = QuickStart;
			sourceTree = "<group>";
		};
		3E3833492C097D5700561087 /* Preview Content */ = {
			isa = PBXGroup;
			children = (
				3E38334A2C097D5700561087 /* Preview Assets.xcassets */,
			);
			path = "Preview Content";
			sourceTree = "<group>";
		};
		3E3833542C09807D00561087 /* Settings */ = {
			isa = PBXGroup;
			children = (
				3E3833522C09800700561087 /* SettingsView.swift */,
			);
			path = Settings;
			sourceTree = "<group>";
		};
		3E3833572C09A2CB00561087 /* RadialMenu */ = {
			isa = PBXGroup;
			children = (
				3E3833552C09A2C600561087 /* RadialMenuView.swift */,
				3EA6B5DB2C0D10A30093F9C2 /* RadialMenuController.swift */,
				3E3833582C09A35000561087 /* DirectionSelectorCirCleSegment.swift */,
				3E38335A2C09A37F00561087 /* DirectionSelectorSquareSegment.swift */,
			);
			path = RadialMenu;
			sourceTree = "<group>";
		};
		3EA6B5D52C0D0F4C0093F9C2 /* Managers */ = {
			isa = PBXGroup;
			children = (
				3EA6B5D32C0D0F450093F9C2 /* LoopManager.swift */,
				3EA6B5E92C0D1F310093F9C2 /* PermissionManager.swift */,
				3EA6B5D92C0D10330093F9C2 /* KeybindMonitor.swift */,
			);
			path = Managers;
			sourceTree = "<group>";
		};
		3EA6B5D82C0D0F930093F9C2 /* Utilities */ = {
			isa = PBXGroup;
			children = (
				3EA6B5D62C0D0F890093F9C2 /* EventMonitor.swift */,
			);
			path = Utilities;
			sourceTree = "<group>";
		};
		3EA6B5DF2C0D11C40093F9C2 /* Action Management */ = {
			isa = PBXGroup;
			children = (
				3EA6B5DD2C0D11BD0093F9C2 /* ActionDirection.swift */,
				3E61657F2C0D502400C1F048 /* ActionEngine.swift */,
			);
			path = "Action Management";
			sourceTree = "<group>";
		};
		3EA6B5E22C0D170D0093F9C2 /* Extensions */ = {
			isa = PBXGroup;
			children = (
				3E38335F2C09A68400561087 /* Angle+Extensions.swift */,
				3EA6B5ED2C0D437B0093F9C2 /* View+Extensions.swift */,
				3EA6B5E02C0D17030093F9C2 /* CGGeometry+Extensions.swift */,
				3EA6B5E32C0D1D0D0093F9C2 /* Notification+Extensions.swift */,
				3EA6B5E52C0D1DDA0093F9C2 /* CGKeyCode+Extensions.swift */,
				3EA6B5EB2C0D1F680093F9C2 /* Bundle+Extensions.swift */,
				3EA6B5E72C0D1E420093F9C2 /* NSEvent+Extensions.swift */,
			);
			path = Extensions;
			sourceTree = "<group>";
		};
		3EF6A0242C09B74400BB4436 /* Frameworks */ = {
			isa = PBXGroup;
			children = (
			);
			name = Frameworks;
			sourceTree = "<group>";
		};
/* End PBXGroup section */

/* Begin PBXNativeTarget section */
		3E38336C2C09AFC700561087 /* QuickStart */ = {
			isa = PBXNativeTarget;
			buildConfigurationList = 3E3833792C09AFCA00561087 /* Build configuration list for PBXNativeTarget "QuickStart" */;
			buildPhases = (
				3E3833692C09AFC700561087 /* Sources */,
				3E38336A2C09AFC700561087 /* Frameworks */,
				3E38336B2C09AFC700561087 /* Resources */,
			);
			buildRules = (
			);
			dependencies = (
			);
			name = QuickStart;
			packageProductDependencies = (
				3EF6A0252C09B74400BB4436 /* Algorithms */,
				3EF6A0272C09B74400BB4436 /* Defaults */,
				3EF6A0292C09B74400BB4436 /* SettingsAccess */,
			);
			productName = QuickStart;
			productReference = 3E38336D2C09AFC700561087 /* QuickStart.app */;
			productType = "com.apple.product-type.application";
		};
/* End PBXNativeTarget section */

/* Begin PBXProject section */
		3E3833382C097D5500561087 /* Project object */ = {
			isa = PBXProject;
			attributes = {
				BuildIndependentTargetsInParallel = 1;
				LastSwiftUpdateCheck = 1540;
				LastUpgradeCheck = 1540;
				TargetAttributes = {
					3E38336C2C09AFC700561087 = {
						CreatedOnToolsVersion = 15.4;
					};
				};
			};
			buildConfigurationList = 3E38333B2C097D5500561087 /* Build configuration list for PBXProject "QuickStart" */;
			compatibilityVersion = "Xcode 14.0";
			developmentRegion = en;
			hasScannedForEncodings = 0;
			knownRegions = (
				en,
				Base,
			);
			mainGroup = 3E3833372C097D5500561087;
			packageReferences = (
				3E38335C2C09A5B200561087 /* XCRemoteSwiftPackageReference "swift-algorithms" */,
				3E3833622C09A82900561087 /* XCRemoteSwiftPackageReference "Defaults" */,
				3E3833652C09AAB400561087 /* XCRemoteSwiftPackageReference "SettingsAccess" */,
				3E61657E2C0D4E4B00C1F048 /* XCRemoteSwiftPackageReference "SwiftLint" */,
			);
			productRefGroup = 3E3833412C097D5500561087 /* Products */;
			projectDirPath = "";
			projectRoot = "";
			targets = (
				3E38336C2C09AFC700561087 /* QuickStart */,
			);
		};
/* End PBXProject section */

/* Begin PBXResourcesBuildPhase section */
		3E38336B2C09AFC700561087 /* Resources */ = {
			isa = PBXResourcesBuildPhase;
			buildActionMask = 2147483647;
			files = (
				3EF6A0302C09B77700BB4436 /* Assets.xcassets in Resources */,
			);
			runOnlyForDeploymentPostprocessing = 0;
		};
/* End PBXResourcesBuildPhase section */

/* Begin PBXSourcesBuildPhase section */
		3E3833692C09AFC700561087 /* Sources */ = {
			isa = PBXSourcesBuildPhase;
			buildActionMask = 2147483647;
			files = (
				3EA6B5EA2C0D1F310093F9C2 /* PermissionManager.swift in Sources */,
				3EF6A02C2C09B76600BB4436 /* RadialMenuView.swift in Sources */,
				3EA6B5E82C0D1E420093F9C2 /* NSEvent+Extensions.swift in Sources */,
				3EA6B5EC2C0D1F680093F9C2 /* Bundle+Extensions.swift in Sources */,
				3EA6B5D42C0D0F450093F9C2 /* LoopManager.swift in Sources */,
				3EA6B5DC2C0D10A30093F9C2 /* RadialMenuController.swift in Sources */,
				3EA6B5DE2C0D11BD0093F9C2 /* ActionDirection.swift in Sources */,
				3EA6B5E12C0D17030093F9C2 /* CGGeometry+Extensions.swift in Sources */,
				3EF6A02F2C09B77000BB4436 /* Angle+Extensions.swift in Sources */,
				3E6165802C0D502400C1F048 /* ActionEngine.swift in Sources */,
				3EA6B5DA2C0D10330093F9C2 /* KeybindMonitor.swift in Sources */,
				3EF6A0232C09B71200BB4436 /* QuickStartApp.swift in Sources */,
				3EA6B5EE2C0D437B0093F9C2 /* View+Extensions.swift in Sources */,
				3EF6A02D2C09B76900BB4436 /* DirectionSelectorCirCleSegment.swift in Sources */,
				3EA6B5D22C0D0EEC0093F9C2 /* AppDelegate.swift in Sources */,
				3EA6B5E42C0D1D0D0093F9C2 /* Notification+Extensions.swift in Sources */,
				3EA6B5E62C0D1DDA0093F9C2 /* CGKeyCode+Extensions.swift in Sources */,
				3EA6B5D72C0D0F890093F9C2 /* EventMonitor.swift in Sources */,
				3EF6A02B2C09B76200BB4436 /* SettingsView.swift in Sources */,
				3EF6A02E2C09B76B00BB4436 /* DirectionSelectorSquareSegment.swift in Sources */,
			);
			runOnlyForDeploymentPostprocessing = 0;
		};
/* End PBXSourcesBuildPhase section */

/* Begin XCBuildConfiguration section */
		3E38334D2C097D5700561087 /* Debug */ = {
			isa = XCBuildConfiguration;
			buildSettings = {
				ALWAYS_SEARCH_USER_PATHS = NO;
				ASSETCATALOG_COMPILER_GENERATE_SWIFT_ASSET_SYMBOL_EXTENSIONS = YES;
				CLANG_ANALYZER_NONNULL = YES;
				CLANG_ANALYZER_NUMBER_OBJECT_CONVERSION = YES_AGGRESSIVE;
				CLANG_CXX_LANGUAGE_STANDARD = "gnu++20";
				CLANG_ENABLE_MODULES = YES;
				CLANG_ENABLE_OBJC_ARC = YES;
				CLANG_ENABLE_OBJC_WEAK = YES;
				CLANG_WARN_BLOCK_CAPTURE_AUTORELEASING = YES;
				CLANG_WARN_BOOL_CONVERSION = YES;
				CLANG_WARN_COMMA = YES;
				CLANG_WARN_CONSTANT_CONVERSION = YES;
				CLANG_WARN_DEPRECATED_OBJC_IMPLEMENTATIONS = YES;
				CLANG_WARN_DIRECT_OBJC_ISA_USAGE = YES_ERROR;
				CLANG_WARN_DOCUMENTATION_COMMENTS = YES;
				CLANG_WARN_EMPTY_BODY = YES;
				CLANG_WARN_ENUM_CONVERSION = YES;
				CLANG_WARN_INFINITE_RECURSION = YES;
				CLANG_WARN_INT_CONVERSION = YES;
				CLANG_WARN_NON_LITERAL_NULL_CONVERSION = YES;
				CLANG_WARN_OBJC_IMPLICIT_RETAIN_SELF = YES;
				CLANG_WARN_OBJC_LITERAL_CONVERSION = YES;
				CLANG_WARN_OBJC_ROOT_CLASS = YES_ERROR;
				CLANG_WARN_QUOTED_INCLUDE_IN_FRAMEWORK_HEADER = YES;
				CLANG_WARN_RANGE_LOOP_ANALYSIS = YES;
				CLANG_WARN_STRICT_PROTOTYPES = YES;
				CLANG_WARN_SUSPICIOUS_MOVE = YES;
				CLANG_WARN_UNGUARDED_AVAILABILITY = YES_AGGRESSIVE;
				CLANG_WARN_UNREACHABLE_CODE = YES;
				CLANG_WARN__DUPLICATE_METHOD_MATCH = YES;
				COPY_PHASE_STRIP = NO;
				DEBUG_INFORMATION_FORMAT = dwarf;
				ENABLE_STRICT_OBJC_MSGSEND = YES;
				ENABLE_TESTABILITY = YES;
				ENABLE_USER_SCRIPT_SANDBOXING = YES;
				GCC_C_LANGUAGE_STANDARD = gnu17;
				GCC_DYNAMIC_NO_PIC = NO;
				GCC_NO_COMMON_BLOCKS = YES;
				GCC_OPTIMIZATION_LEVEL = 0;
				GCC_PREPROCESSOR_DEFINITIONS = (
					"DEBUG=1",
					"$(inherited)",
				);
				GCC_WARN_64_TO_32_BIT_CONVERSION = YES;
				GCC_WARN_ABOUT_RETURN_TYPE = YES_ERROR;
				GCC_WARN_UNDECLARED_SELECTOR = YES;
				GCC_WARN_UNINITIALIZED_AUTOS = YES_AGGRESSIVE;
				GCC_WARN_UNUSED_FUNCTION = YES;
				GCC_WARN_UNUSED_VARIABLE = YES;
				LOCALIZATION_PREFERS_STRING_CATALOGS = YES;
				MACOSX_DEPLOYMENT_TARGET = 14.5;
				MTL_ENABLE_DEBUG_INFO = INCLUDE_SOURCE;
				MTL_FAST_MATH = YES;
				ONLY_ACTIVE_ARCH = YES;
				SDKROOT = macosx;
				SWIFT_ACTIVE_COMPILATION_CONDITIONS = "DEBUG $(inherited)";
				SWIFT_OPTIMIZATION_LEVEL = "-Onone";
			};
			name = Debug;
		};
		3E38334E2C097D5700561087 /* Release */ = {
			isa = XCBuildConfiguration;
			buildSettings = {
				ALWAYS_SEARCH_USER_PATHS = NO;
				ASSETCATALOG_COMPILER_GENERATE_SWIFT_ASSET_SYMBOL_EXTENSIONS = YES;
				CLANG_ANALYZER_NONNULL = YES;
				CLANG_ANALYZER_NUMBER_OBJECT_CONVERSION = YES_AGGRESSIVE;
				CLANG_CXX_LANGUAGE_STANDARD = "gnu++20";
				CLANG_ENABLE_MODULES = YES;
				CLANG_ENABLE_OBJC_ARC = YES;
				CLANG_ENABLE_OBJC_WEAK = YES;
				CLANG_WARN_BLOCK_CAPTURE_AUTORELEASING = YES;
				CLANG_WARN_BOOL_CONVERSION = YES;
				CLANG_WARN_COMMA = YES;
				CLANG_WARN_CONSTANT_CONVERSION = YES;
				CLANG_WARN_DEPRECATED_OBJC_IMPLEMENTATIONS = YES;
				CLANG_WARN_DIRECT_OBJC_ISA_USAGE = YES_ERROR;
				CLANG_WARN_DOCUMENTATION_COMMENTS = YES;
				CLANG_WARN_EMPTY_BODY = YES;
				CLANG_WARN_ENUM_CONVERSION = YES;
				CLANG_WARN_INFINITE_RECURSION = YES;
				CLANG_WARN_INT_CONVERSION = YES;
				CLANG_WARN_NON_LITERAL_NULL_CONVERSION = YES;
				CLANG_WARN_OBJC_IMPLICIT_RETAIN_SELF = YES;
				CLANG_WARN_OBJC_LITERAL_CONVERSION = YES;
				CLANG_WARN_OBJC_ROOT_CLASS = YES_ERROR;
				CLANG_WARN_QUOTED_INCLUDE_IN_FRAMEWORK_HEADER = YES;
				CLANG_WARN_RANGE_LOOP_ANALYSIS = YES;
				CLANG_WARN_STRICT_PROTOTYPES = YES;
				CLANG_WARN_SUSPICIOUS_MOVE = YES;
				CLANG_WARN_UNGUARDED_AVAILABILITY = YES_AGGRESSIVE;
				CLANG_WARN_UNREACHABLE_CODE = YES;
				CLANG_WARN__DUPLICATE_METHOD_MATCH = YES;
				COPY_PHASE_STRIP = NO;
				DEBUG_INFORMATION_FORMAT = "dwarf-with-dsym";
				ENABLE_NS_ASSERTIONS = NO;
				ENABLE_STRICT_OBJC_MSGSEND = YES;
				ENABLE_USER_SCRIPT_SANDBOXING = YES;
				GCC_C_LANGUAGE_STANDARD = gnu17;
				GCC_NO_COMMON_BLOCKS = YES;
				GCC_WARN_64_TO_32_BIT_CONVERSION = YES;
				GCC_WARN_ABOUT_RETURN_TYPE = YES_ERROR;
				GCC_WARN_UNDECLARED_SELECTOR = YES;
				GCC_WARN_UNINITIALIZED_AUTOS = YES_AGGRESSIVE;
				GCC_WARN_UNUSED_FUNCTION = YES;
				GCC_WARN_UNUSED_VARIABLE = YES;
				LOCALIZATION_PREFERS_STRING_CATALOGS = YES;
				MACOSX_DEPLOYMENT_TARGET = 14.5;
				MTL_ENABLE_DEBUG_INFO = NO;
				MTL_FAST_MATH = YES;
				SDKROOT = macosx;
				SWIFT_COMPILATION_MODE = wholemodule;
			};
			name = Release;
		};
		3E38337A2C09AFCA00561087 /* Debug */ = {
			isa = XCBuildConfiguration;
			buildSettings = {
				ASSETCATALOG_COMPILER_APPICON_NAME = AppIcon;
				ASSETCATALOG_COMPILER_GLOBAL_ACCENT_COLOR_NAME = AccentColor;
				CODE_SIGN_ENTITLEMENTS = QuickStart/QuickStart.entitlements;
				CODE_SIGN_STYLE = Automatic;
				COMBINE_HIDPI_IMAGES = YES;
				CURRENT_PROJECT_VERSION = 1;
				DEVELOPMENT_ASSET_PATHS = "\"QuickStart/Preview Content\"";
				DEVELOPMENT_TEAM = QX274P7886;
				ENABLE_HARDENED_RUNTIME = YES;
				ENABLE_PREVIEWS = YES;
				GENERATE_INFOPLIST_FILE = YES;
				INFOPLIST_KEY_LSUIElement = YES;
				INFOPLIST_KEY_NSHumanReadableCopyright = "";
				LD_RUNPATH_SEARCH_PATHS = (
					"$(inherited)",
					"@executable_path/../Frameworks",
				);
				MARKETING_VERSION = 1.0;
				PRODUCT_BUNDLE_IDENTIFIER = wyuning.QuickStart;
				PRODUCT_NAME = "$(TARGET_NAME)";
				SWIFT_EMIT_LOC_STRINGS = YES;
				SWIFT_VERSION = 5.0;
			};
			name = Debug;
		};
		3E38337B2C09AFCA00561087 /* Release */ = {
			isa = XCBuildConfiguration;
			buildSettings = {
				ASSETCATALOG_COMPILER_APPICON_NAME = AppIcon;
				ASSETCATALOG_COMPILER_GLOBAL_ACCENT_COLOR_NAME = AccentColor;
				CODE_SIGN_ENTITLEMENTS = QuickStart/QuickStart.entitlements;
				CODE_SIGN_STYLE = Automatic;
				COMBINE_HIDPI_IMAGES = YES;
				CURRENT_PROJECT_VERSION = 1;
				DEVELOPMENT_ASSET_PATHS = "\"QuickStart/Preview Content\"";
				DEVELOPMENT_TEAM = QX274P7886;
				ENABLE_HARDENED_RUNTIME = YES;
				ENABLE_PREVIEWS = YES;
				GENERATE_INFOPLIST_FILE = YES;
				INFOPLIST_KEY_LSUIElement = YES;
				INFOPLIST_KEY_NSHumanReadableCopyright = "";
				LD_RUNPATH_SEARCH_PATHS = (
					"$(inherited)",
					"@executable_path/../Frameworks",
				);
				MARKETING_VERSION = 1.0;
				PRODUCT_BUNDLE_IDENTIFIER = wyuning.QuickStart;
				PRODUCT_NAME = "$(TARGET_NAME)";
				SWIFT_EMIT_LOC_STRINGS = YES;
				SWIFT_VERSION = 5.0;
			};
			name = Release;
		};
/* End XCBuildConfiguration section */

/* Begin XCConfigurationList section */
		3E38333B2C097D5500561087 /* Build configuration list for PBXProject "QuickStart" */ = {
			isa = XCConfigurationList;
			buildConfigurations = (
				3E38334D2C097D5700561087 /* Debug */,
				3E38334E2C097D5700561087 /* Release */,
			);
			defaultConfigurationIsVisible = 0;
			defaultConfigurationName = Release;
		};
		3E3833792C09AFCA00561087 /* Build configuration list for PBXNativeTarget "QuickStart" */ = {
			isa = XCConfigurationList;
			buildConfigurations = (
				3E38337A2C09AFCA00561087 /* Debug */,
				3E38337B2C09AFCA00561087 /* Release */,
			);
			defaultConfigurationIsVisible = 0;
			defaultConfigurationName = Release;
		};
/* End XCConfigurationList section */

/* Begin XCRemoteSwiftPackageReference section */
		3E38335C2C09A5B200561087 /* XCRemoteSwiftPackageReference "swift-algorithms" */ = {
			isa = XCRemoteSwiftPackageReference;
			repositoryURL = "https://github.com/apple/swift-algorithms.git";
			requirement = {
				kind = upToNextMajorVersion;
				minimumVersion = 1.2.0;
			};
		};
		3E3833622C09A82900561087 /* XCRemoteSwiftPackageReference "Defaults" */ = {
			isa = XCRemoteSwiftPackageReference;
			repositoryURL = "https://github.com/sindresorhus/Defaults";
			requirement = {
				branch = main;
				kind = branch;
			};
		};
		3E3833652C09AAB400561087 /* XCRemoteSwiftPackageReference "SettingsAccess" */ = {
			isa = XCRemoteSwiftPackageReference;
			repositoryURL = "https://github.com/orchetect/SettingsAccess";
			requirement = {
				kind = upToNextMajorVersion;
				minimumVersion = 1.4.0;
			};
		};
		3E61657E2C0D4E4B00C1F048 /* XCRemoteSwiftPackageReference "SwiftLint" */ = {
			isa = XCRemoteSwiftPackageReference;
			repositoryURL = "https://github.com/realm/SwiftLint";
			requirement = {
				kind = upToNextMajorVersion;
				minimumVersion = 0.55.1;
			};
		};
/* End XCRemoteSwiftPackageReference section */

/* Begin XCSwiftPackageProductDependency section */
		3EF6A0252C09B74400BB4436 /* Algorithms */ = {
			isa = XCSwiftPackageProductDependency;
			package = 3E38335C2C09A5B200561087 /* XCRemoteSwiftPackageReference "swift-algorithms" */;
			productName = Algorithms;
		};
		3EF6A0272C09B74400BB4436 /* Defaults */ = {
			isa = XCSwiftPackageProductDependency;
			package = 3E3833622C09A82900561087 /* XCRemoteSwiftPackageReference "Defaults" */;
			productName = Defaults;
		};
		3EF6A0292C09B74400BB4436 /* SettingsAccess */ = {
			isa = XCSwiftPackageProductDependency;
			package = 3E3833652C09AAB400561087 /* XCRemoteSwiftPackageReference "SettingsAccess" */;
			productName = SettingsAccess;
		};
/* End XCSwiftPackageProductDependency section */
	};
	rootObject = 3E3833382C097D5500561087 /* Project object */;
}
